// !$*UTF8*$!
{
	archiveVersion = 1;
	classes = {
	};
	objectVersion = 51;
	objects = {

/* Begin PBXBuildFile section */
		051FB5B5612347909BE76964 /* Pods_PorVidaMobile_PorVidaMobileUITests.framework in Frameworks */ = {isa = PBXBuildFile; fileRef = E4D4B1A1B73F6744E3129BDC /* Pods_PorVidaMobile_PorVidaMobileUITests.framework */; };
		4F0FAD9B7D75E4B5E74A7A24 /* Pods_PorVidaMobileTests.framework in Frameworks */ = {isa = PBXBuildFile; fileRef = 70DAF1405B90BE76698D3AF9 /* Pods_PorVidaMobileTests.framework */; };
		8B3CEB86244E203100F69F52 /* AdminDetailsViewController.swift in Sources */ = {isa = PBXBuildFile; fileRef = 8B3CEB85244E203100F69F52 /* AdminDetailsViewController.swift */; };
		8B40EECE243BAD1600DE69B9 /* AppDelegate.swift in Sources */ = {isa = PBXBuildFile; fileRef = 8B40EECD243BAD1600DE69B9 /* AppDelegate.swift */; };
		8B40EED0243BAD1600DE69B9 /* SceneDelegate.swift in Sources */ = {isa = PBXBuildFile; fileRef = 8B40EECF243BAD1600DE69B9 /* SceneDelegate.swift */; };
		8B40EED5243BAD1600DE69B9 /* Main.storyboard in Resources */ = {isa = PBXBuildFile; fileRef = 8B40EED3243BAD1600DE69B9 /* Main.storyboard */; };
		8B40EED7243BAD1900DE69B9 /* Assets.xcassets in Resources */ = {isa = PBXBuildFile; fileRef = 8B40EED6243BAD1900DE69B9 /* Assets.xcassets */; };
		8B40EEDA243BAD1900DE69B9 /* LaunchScreen.storyboard in Resources */ = {isa = PBXBuildFile; fileRef = 8B40EED8243BAD1900DE69B9 /* LaunchScreen.storyboard */; };
		8B40EEE5243BAD1900DE69B9 /* PorVidaMobileTests.swift in Sources */ = {isa = PBXBuildFile; fileRef = 8B40EEE4243BAD1900DE69B9 /* PorVidaMobileTests.swift */; };
		8B40EEF0243BAD1900DE69B9 /* PorVidaMobileUITests.swift in Sources */ = {isa = PBXBuildFile; fileRef = 8B40EEEF243BAD1900DE69B9 /* PorVidaMobileUITests.swift */; };
		8B74EDAA2444EFF700B86FF9 /* SettingsViewController.swift in Sources */ = {isa = PBXBuildFile; fileRef = 8B74EDA92444EFF700B86FF9 /* SettingsViewController.swift */; };
		8B74EDAC2444F39600B86FF9 /* RestaurantListViewController.swift in Sources */ = {isa = PBXBuildFile; fileRef = 8B74EDAB2444F39600B86FF9 /* RestaurantListViewController.swift */; };
		8B74EDB024455E4E00B86FF9 /* RestaurantCell.swift in Sources */ = {isa = PBXBuildFile; fileRef = 8B74EDAF24455E4E00B86FF9 /* RestaurantCell.swift */; };
		8BEAAC1224428DC60067CBAD /* MainViewController.swift in Sources */ = {isa = PBXBuildFile; fileRef = 8BEAAC1124428DC60067CBAD /* MainViewController.swift */; };
		8BEAAC1424428DEC0067CBAD /* LoginViewController.swift in Sources */ = {isa = PBXBuildFile; fileRef = 8BEAAC1324428DEC0067CBAD /* LoginViewController.swift */; };
		FC393B455691353EFC672DE1 /* Pods_PorVidaMobile.framework in Frameworks */ = {isa = PBXBuildFile; fileRef = 24D2CF922AE5575823A85376 /* Pods_PorVidaMobile.framework */; };
/* End PBXBuildFile section */

/* Begin PBXContainerItemProxy section */
		8B40EEE1243BAD1900DE69B9 /* PBXContainerItemProxy */ = {
			isa = PBXContainerItemProxy;
			containerPortal = 8B40EEC2243BAD1600DE69B9 /* Project object */;
			proxyType = 1;
			remoteGlobalIDString = 8B40EEC9243BAD1600DE69B9;
			remoteInfo = PorVidaMobile;
		};
		8B40EEEC243BAD1900DE69B9 /* PBXContainerItemProxy */ = {
			isa = PBXContainerItemProxy;
			containerPortal = 8B40EEC2243BAD1600DE69B9 /* Project object */;
			proxyType = 1;
			remoteGlobalIDString = 8B40EEC9243BAD1600DE69B9;
			remoteInfo = PorVidaMobile;
		};
/* End PBXContainerItemProxy section */

/* Begin PBXFileReference section */
		1F25FBA2CFABEB4D9927B1AD /* Pods-PorVidaMobile-PorVidaMobileUITests.debug.xcconfig */ = {isa = PBXFileReference; includeInIndex = 1; lastKnownFileType = text.xcconfig; name = "Pods-PorVidaMobile-PorVidaMobileUITests.debug.xcconfig"; path = "Target Support Files/Pods-PorVidaMobile-PorVidaMobileUITests/Pods-PorVidaMobile-PorVidaMobileUITests.debug.xcconfig"; sourceTree = "<group>"; };
		24D2CF922AE5575823A85376 /* Pods_PorVidaMobile.framework */ = {isa = PBXFileReference; explicitFileType = wrapper.framework; includeInIndex = 0; path = Pods_PorVidaMobile.framework; sourceTree = BUILT_PRODUCTS_DIR; };
		51DD24C4E1E889BB208A7AF6 /* Pods-PorVidaMobile.release.xcconfig */ = {isa = PBXFileReference; includeInIndex = 1; lastKnownFileType = text.xcconfig; name = "Pods-PorVidaMobile.release.xcconfig"; path = "Target Support Files/Pods-PorVidaMobile/Pods-PorVidaMobile.release.xcconfig"; sourceTree = "<group>"; };
		70DAF1405B90BE76698D3AF9 /* Pods_PorVidaMobileTests.framework */ = {isa = PBXFileReference; explicitFileType = wrapper.framework; includeInIndex = 0; path = Pods_PorVidaMobileTests.framework; sourceTree = BUILT_PRODUCTS_DIR; };
		8B3CEB85244E203100F69F52 /* AdminDetailsViewController.swift */ = {isa = PBXFileReference; lastKnownFileType = sourcecode.swift; path = AdminDetailsViewController.swift; sourceTree = "<group>"; };
		8B40EECA243BAD1600DE69B9 /* PorVidaMobile.app */ = {isa = PBXFileReference; explicitFileType = wrapper.application; includeInIndex = 0; path = PorVidaMobile.app; sourceTree = BUILT_PRODUCTS_DIR; };
		8B40EECD243BAD1600DE69B9 /* AppDelegate.swift */ = {isa = PBXFileReference; lastKnownFileType = sourcecode.swift; path = AppDelegate.swift; sourceTree = "<group>"; };
		8B40EECF243BAD1600DE69B9 /* SceneDelegate.swift */ = {isa = PBXFileReference; lastKnownFileType = sourcecode.swift; path = SceneDelegate.swift; sourceTree = "<group>"; };
		8B40EED4243BAD1600DE69B9 /* Base */ = {isa = PBXFileReference; lastKnownFileType = file.storyboard; name = Base; path = Base.lproj/Main.storyboard; sourceTree = "<group>"; };
		8B40EED6243BAD1900DE69B9 /* Assets.xcassets */ = {isa = PBXFileReference; lastKnownFileType = folder.assetcatalog; path = Assets.xcassets; sourceTree = "<group>"; };
		8B40EED9243BAD1900DE69B9 /* Base */ = {isa = PBXFileReference; lastKnownFileType = file.storyboard; name = Base; path = Base.lproj/LaunchScreen.storyboard; sourceTree = "<group>"; };
		8B40EEDB243BAD1900DE69B9 /* Info.plist */ = {isa = PBXFileReference; lastKnownFileType = text.plist.xml; path = Info.plist; sourceTree = "<group>"; };
		8B40EEE0243BAD1900DE69B9 /* PorVidaMobileTests.xctest */ = {isa = PBXFileReference; explicitFileType = wrapper.cfbundle; includeInIndex = 0; path = PorVidaMobileTests.xctest; sourceTree = BUILT_PRODUCTS_DIR; };
		8B40EEE4243BAD1900DE69B9 /* PorVidaMobileTests.swift */ = {isa = PBXFileReference; lastKnownFileType = sourcecode.swift; path = PorVidaMobileTests.swift; sourceTree = "<group>"; };
		8B40EEE6243BAD1900DE69B9 /* Info.plist */ = {isa = PBXFileReference; lastKnownFileType = text.plist.xml; path = Info.plist; sourceTree = "<group>"; };
		8B40EEEB243BAD1900DE69B9 /* PorVidaMobileUITests.xctest */ = {isa = PBXFileReference; explicitFileType = wrapper.cfbundle; includeInIndex = 0; path = PorVidaMobileUITests.xctest; sourceTree = BUILT_PRODUCTS_DIR; };
		8B40EEEF243BAD1900DE69B9 /* PorVidaMobileUITests.swift */ = {isa = PBXFileReference; lastKnownFileType = sourcecode.swift; path = PorVidaMobileUITests.swift; sourceTree = "<group>"; };
		8B40EEF1243BAD1900DE69B9 /* Info.plist */ = {isa = PBXFileReference; lastKnownFileType = text.plist.xml; path = Info.plist; sourceTree = "<group>"; };
		8B74EDA92444EFF700B86FF9 /* SettingsViewController.swift */ = {isa = PBXFileReference; lastKnownFileType = sourcecode.swift; path = SettingsViewController.swift; sourceTree = "<group>"; };
		8B74EDAB2444F39600B86FF9 /* RestaurantListViewController.swift */ = {isa = PBXFileReference; lastKnownFileType = sourcecode.swift; path = RestaurantListViewController.swift; sourceTree = "<group>"; };
		8B74EDAF24455E4E00B86FF9 /* RestaurantCell.swift */ = {isa = PBXFileReference; lastKnownFileType = sourcecode.swift; path = RestaurantCell.swift; sourceTree = "<group>"; };
		8BEAAC1124428DC60067CBAD /* MainViewController.swift */ = {isa = PBXFileReference; lastKnownFileType = sourcecode.swift; path = MainViewController.swift; sourceTree = "<group>"; };
		8BEAAC1324428DEC0067CBAD /* LoginViewController.swift */ = {isa = PBXFileReference; lastKnownFileType = sourcecode.swift; path = LoginViewController.swift; sourceTree = "<group>"; };
		8F40528D64ABA29BE0CD21A1 /* Pods-PorVidaMobile.debug.xcconfig */ = {isa = PBXFileReference; includeInIndex = 1; lastKnownFileType = text.xcconfig; name = "Pods-PorVidaMobile.debug.xcconfig"; path = "Target Support Files/Pods-PorVidaMobile/Pods-PorVidaMobile.debug.xcconfig"; sourceTree = "<group>"; };
		92B8E1033B207DD357D32EDE /* Pods-PorVidaMobileTests.debug.xcconfig */ = {isa = PBXFileReference; includeInIndex = 1; lastKnownFileType = text.xcconfig; name = "Pods-PorVidaMobileTests.debug.xcconfig"; path = "Target Support Files/Pods-PorVidaMobileTests/Pods-PorVidaMobileTests.debug.xcconfig"; sourceTree = "<group>"; };
		96A95A531284D90E699F14BD /* Pods-PorVidaMobile-PorVidaMobileUITests.release.xcconfig */ = {isa = PBXFileReference; includeInIndex = 1; lastKnownFileType = text.xcconfig; name = "Pods-PorVidaMobile-PorVidaMobileUITests.release.xcconfig"; path = "Target Support Files/Pods-PorVidaMobile-PorVidaMobileUITests/Pods-PorVidaMobile-PorVidaMobileUITests.release.xcconfig"; sourceTree = "<group>"; };
		9D3FBFCD356C35B1AFDCB680 /* Pods-PorVidaMobileTests.release.xcconfig */ = {isa = PBXFileReference; includeInIndex = 1; lastKnownFileType = text.xcconfig; name = "Pods-PorVidaMobileTests.release.xcconfig"; path = "Target Support Files/Pods-PorVidaMobileTests/Pods-PorVidaMobileTests.release.xcconfig"; sourceTree = "<group>"; };
		E4D4B1A1B73F6744E3129BDC /* Pods_PorVidaMobile_PorVidaMobileUITests.framework */ = {isa = PBXFileReference; explicitFileType = wrapper.framework; includeInIndex = 0; path = Pods_PorVidaMobile_PorVidaMobileUITests.framework; sourceTree = BUILT_PRODUCTS_DIR; };
/* End PBXFileReference section */

/* Begin PBXFrameworksBuildPhase section */
		8B40EEC7243BAD1600DE69B9 /* Frameworks */ = {
			isa = PBXFrameworksBuildPhase;
			buildActionMask = 2147483647;
			files = (
				FC393B455691353EFC672DE1 /* Pods_PorVidaMobile.framework in Frameworks */,
			);
			runOnlyForDeploymentPostprocessing = 0;
		};
		8B40EEDD243BAD1900DE69B9 /* Frameworks */ = {
			isa = PBXFrameworksBuildPhase;
			buildActionMask = 2147483647;
			files = (
				4F0FAD9B7D75E4B5E74A7A24 /* Pods_PorVidaMobileTests.framework in Frameworks */,
			);
			runOnlyForDeploymentPostprocessing = 0;
		};
		8B40EEE8243BAD1900DE69B9 /* Frameworks */ = {
			isa = PBXFrameworksBuildPhase;
			buildActionMask = 2147483647;
			files = (
				051FB5B5612347909BE76964 /* Pods_PorVidaMobile_PorVidaMobileUITests.framework in Frameworks */,
			);
			runOnlyForDeploymentPostprocessing = 0;
		};
/* End PBXFrameworksBuildPhase section */

/* Begin PBXGroup section */
		3796B25966784D7616A05491 /* Frameworks */ = {
			isa = PBXGroup;
			children = (
				24D2CF922AE5575823A85376 /* Pods_PorVidaMobile.framework */,
				E4D4B1A1B73F6744E3129BDC /* Pods_PorVidaMobile_PorVidaMobileUITests.framework */,
				70DAF1405B90BE76698D3AF9 /* Pods_PorVidaMobileTests.framework */,
			);
			name = Frameworks;
			sourceTree = "<group>";
		};
		4E550C7B752BC32FB31F0891 /* Pods */ = {
			isa = PBXGroup;
			children = (
				8F40528D64ABA29BE0CD21A1 /* Pods-PorVidaMobile.debug.xcconfig */,
				51DD24C4E1E889BB208A7AF6 /* Pods-PorVidaMobile.release.xcconfig */,
				1F25FBA2CFABEB4D9927B1AD /* Pods-PorVidaMobile-PorVidaMobileUITests.debug.xcconfig */,
				96A95A531284D90E699F14BD /* Pods-PorVidaMobile-PorVidaMobileUITests.release.xcconfig */,
				92B8E1033B207DD357D32EDE /* Pods-PorVidaMobileTests.debug.xcconfig */,
				9D3FBFCD356C35B1AFDCB680 /* Pods-PorVidaMobileTests.release.xcconfig */,
			);
			path = Pods;
			sourceTree = "<group>";
		};
		8B40EEC1243BAD1600DE69B9 = {
			isa = PBXGroup;
			children = (
				8B40EECC243BAD1600DE69B9 /* PorVidaMobile */,
				8B40EEE3243BAD1900DE69B9 /* PorVidaMobileTests */,
				8B40EEEE243BAD1900DE69B9 /* PorVidaMobileUITests */,
				8B40EECB243BAD1600DE69B9 /* Products */,
				4E550C7B752BC32FB31F0891 /* Pods */,
				3796B25966784D7616A05491 /* Frameworks */,
			);
			sourceTree = "<group>";
		};
		8B40EECB243BAD1600DE69B9 /* Products */ = {
			isa = PBXGroup;
			children = (
				8B40EECA243BAD1600DE69B9 /* PorVidaMobile.app */,
				8B40EEE0243BAD1900DE69B9 /* PorVidaMobileTests.xctest */,
				8B40EEEB243BAD1900DE69B9 /* PorVidaMobileUITests.xctest */,
			);
			name = Products;
			sourceTree = "<group>";
		};
		8B40EECC243BAD1600DE69B9 /* PorVidaMobile */ = {
			isa = PBXGroup;
			children = (
				8B40EECD243BAD1600DE69B9 /* AppDelegate.swift */,
				8B40EECF243BAD1600DE69B9 /* SceneDelegate.swift */,
				8BEAAC1324428DEC0067CBAD /* LoginViewController.swift */,
				8BEAAC1124428DC60067CBAD /* MainViewController.swift */,
				8B74EDA92444EFF700B86FF9 /* SettingsViewController.swift */,
				8B3CEB85244E203100F69F52 /* AdminDetailsViewController.swift */,
				8B74EDAB2444F39600B86FF9 /* RestaurantListViewController.swift */,
				8B74EDAF24455E4E00B86FF9 /* RestaurantCell.swift */,
				8B40EED6243BAD1900DE69B9 /* Assets.xcassets */,
				8B40EED3243BAD1600DE69B9 /* Main.storyboard */,
				8B40EED8243BAD1900DE69B9 /* LaunchScreen.storyboard */,
				8B40EEDB243BAD1900DE69B9 /* Info.plist */,
			);
			path = PorVidaMobile;
			sourceTree = "<group>";
		};
		8B40EEE3243BAD1900DE69B9 /* PorVidaMobileTests */ = {
			isa = PBXGroup;
			children = (
				8B40EEE4243BAD1900DE69B9 /* PorVidaMobileTests.swift */,
				8B40EEE6243BAD1900DE69B9 /* Info.plist */,
			);
			path = PorVidaMobileTests;
			sourceTree = "<group>";
		};
		8B40EEEE243BAD1900DE69B9 /* PorVidaMobileUITests */ = {
			isa = PBXGroup;
			children = (
				8B40EEEF243BAD1900DE69B9 /* PorVidaMobileUITests.swift */,
				8B40EEF1243BAD1900DE69B9 /* Info.plist */,
			);
			path = PorVidaMobileUITests;
			sourceTree = "<group>";
		};
/* End PBXGroup section */

/* Begin PBXNativeTarget section */
		8B40EEC9243BAD1600DE69B9 /* PorVidaMobile */ = {
			isa = PBXNativeTarget;
			buildConfigurationList = 8B40EEF4243BAD1900DE69B9 /* Build configuration list for PBXNativeTarget "PorVidaMobile" */;
			buildPhases = (
				5578E2388E8082CE886FBD7C /* [CP] Check Pods Manifest.lock */,
				8B40EEC6243BAD1600DE69B9 /* Sources */,
				8B40EEC7243BAD1600DE69B9 /* Frameworks */,
				8B40EEC8243BAD1600DE69B9 /* Resources */,
				18DD64DA6DAEA93E7E1751EC /* [CP] Embed Pods Frameworks */,
			);
			buildRules = (
			);
			dependencies = (
			);
			name = PorVidaMobile;
			productName = PorVidaMobile;
			productReference = 8B40EECA243BAD1600DE69B9 /* PorVidaMobile.app */;
			productType = "com.apple.product-type.application";
		};
		8B40EEDF243BAD1900DE69B9 /* PorVidaMobileTests */ = {
			isa = PBXNativeTarget;
			buildConfigurationList = 8B40EEF7243BAD1900DE69B9 /* Build configuration list for PBXNativeTarget "PorVidaMobileTests" */;
			buildPhases = (
				98F5E5CE287CC161ECE838A2 /* [CP] Check Pods Manifest.lock */,
				8B40EEDC243BAD1900DE69B9 /* Sources */,
				8B40EEDD243BAD1900DE69B9 /* Frameworks */,
				8B40EEDE243BAD1900DE69B9 /* Resources */,
			);
			buildRules = (
			);
			dependencies = (
				8B40EEE2243BAD1900DE69B9 /* PBXTargetDependency */,
			);
			name = PorVidaMobileTests;
			productName = PorVidaMobileTests;
			productReference = 8B40EEE0243BAD1900DE69B9 /* PorVidaMobileTests.xctest */;
			productType = "com.apple.product-type.bundle.unit-test";
		};
		8B40EEEA243BAD1900DE69B9 /* PorVidaMobileUITests */ = {
			isa = PBXNativeTarget;
			buildConfigurationList = 8B40EEFA243BAD1900DE69B9 /* Build configuration list for PBXNativeTarget "PorVidaMobileUITests" */;
			buildPhases = (
				A02837E8909B6D923A43E368 /* [CP] Check Pods Manifest.lock */,
				8B40EEE7243BAD1900DE69B9 /* Sources */,
				8B40EEE8243BAD1900DE69B9 /* Frameworks */,
				8B40EEE9243BAD1900DE69B9 /* Resources */,
				95DD3D0B4A2D7AA76D67A624 /* [CP] Embed Pods Frameworks */,
			);
			buildRules = (
			);
			dependencies = (
				8B40EEED243BAD1900DE69B9 /* PBXTargetDependency */,
			);
			name = PorVidaMobileUITests;
			productName = PorVidaMobileUITests;
			productReference = 8B40EEEB243BAD1900DE69B9 /* PorVidaMobileUITests.xctest */;
			productType = "com.apple.product-type.bundle.ui-testing";
		};
/* End PBXNativeTarget section */

/* Begin PBXProject section */
		8B40EEC2243BAD1600DE69B9 /* Project object */ = {
			isa = PBXProject;
			attributes = {
				LastSwiftUpdateCheck = 1140;
				LastUpgradeCheck = 1140;
				ORGANIZATIONNAME = BigByteDevelopment;
				TargetAttributes = {
					8B40EEC9243BAD1600DE69B9 = {
						CreatedOnToolsVersion = 11.4;
					};
					8B40EEDF243BAD1900DE69B9 = {
						CreatedOnToolsVersion = 11.4;
						TestTargetID = 8B40EEC9243BAD1600DE69B9;
					};
					8B40EEEA243BAD1900DE69B9 = {
						CreatedOnToolsVersion = 11.4;
						TestTargetID = 8B40EEC9243BAD1600DE69B9;
					};
				};
			};
			buildConfigurationList = 8B40EEC5243BAD1600DE69B9 /* Build configuration list for PBXProject "PorVidaMobile" */;
			compatibilityVersion = "Xcode 9.3";
			developmentRegion = en;
			hasScannedForEncodings = 0;
			knownRegions = (
				en,
				Base,
			);
			mainGroup = 8B40EEC1243BAD1600DE69B9;
			productRefGroup = 8B40EECB243BAD1600DE69B9 /* Products */;
			projectDirPath = "";
			projectRoot = "";
			targets = (
				8B40EEC9243BAD1600DE69B9 /* PorVidaMobile */,
				8B40EEDF243BAD1900DE69B9 /* PorVidaMobileTests */,
				8B40EEEA243BAD1900DE69B9 /* PorVidaMobileUITests */,
			);
		};
/* End PBXProject section */

/* Begin PBXResourcesBuildPhase section */
		8B40EEC8243BAD1600DE69B9 /* Resources */ = {
			isa = PBXResourcesBuildPhase;
			buildActionMask = 2147483647;
			files = (
				8B40EEDA243BAD1900DE69B9 /* LaunchScreen.storyboard in Resources */,
				8B40EED7243BAD1900DE69B9 /* Assets.xcassets in Resources */,
				8B40EED5243BAD1600DE69B9 /* Main.storyboard in Resources */,
			);
			runOnlyForDeploymentPostprocessing = 0;
		};
		8B40EEDE243BAD1900DE69B9 /* Resources */ = {
			isa = PBXResourcesBuildPhase;
			buildActionMask = 2147483647;
			files = (
			);
			runOnlyForDeploymentPostprocessing = 0;
		};
		8B40EEE9243BAD1900DE69B9 /* Resources */ = {
			isa = PBXResourcesBuildPhase;
			buildActionMask = 2147483647;
			files = (
			);
			runOnlyForDeploymentPostprocessing = 0;
		};
/* End PBXResourcesBuildPhase section */

/* Begin PBXShellScriptBuildPhase section */
		18DD64DA6DAEA93E7E1751EC /* [CP] Embed Pods Frameworks */ = {
			isa = PBXShellScriptBuildPhase;
			buildActionMask = 2147483647;
			files = (
			);
			inputFileListPaths = (
				"${PODS_ROOT}/Target Support Files/Pods-PorVidaMobile/Pods-PorVidaMobile-frameworks-${CONFIGURATION}-input-files.xcfilelist",
			);
			name = "[CP] Embed Pods Frameworks";
			outputFileListPaths = (
				"${PODS_ROOT}/Target Support Files/Pods-PorVidaMobile/Pods-PorVidaMobile-frameworks-${CONFIGURATION}-output-files.xcfilelist",
			);
			runOnlyForDeploymentPostprocessing = 0;
			shellPath = /bin/sh;
			shellScript = "\"${PODS_ROOT}/Target Support Files/Pods-PorVidaMobile/Pods-PorVidaMobile-frameworks.sh\"\n";
			showEnvVarsInLog = 0;
		};
		5578E2388E8082CE886FBD7C /* [CP] Check Pods Manifest.lock */ = {
			isa = PBXShellScriptBuildPhase;
			buildActionMask = 2147483647;
			files = (
			);
			inputFileListPaths = (
			);
			inputPaths = (
				"${PODS_PODFILE_DIR_PATH}/Podfile.lock",
				"${PODS_ROOT}/Manifest.lock",
			);
			name = "[CP] Check Pods Manifest.lock";
			outputFileListPaths = (
			);
			outputPaths = (
				"$(DERIVED_FILE_DIR)/Pods-PorVidaMobile-checkManifestLockResult.txt",
			);
			runOnlyForDeploymentPostprocessing = 0;
			shellPath = /bin/sh;
			shellScript = "diff \"${PODS_PODFILE_DIR_PATH}/Podfile.lock\" \"${PODS_ROOT}/Manifest.lock\" > /dev/null\nif [ $? != 0 ] ; then\n    # print error to STDERR\n    echo \"error: The sandbox is not in sync with the Podfile.lock. Run 'pod install' or update your CocoaPods installation.\" >&2\n    exit 1\nfi\n# This output is used by Xcode 'outputs' to avoid re-running this script phase.\necho \"SUCCESS\" > \"${SCRIPT_OUTPUT_FILE_0}\"\n";
			showEnvVarsInLog = 0;
		};
		95DD3D0B4A2D7AA76D67A624 /* [CP] Embed Pods Frameworks */ = {
			isa = PBXShellScriptBuildPhase;
			buildActionMask = 2147483647;
			files = (
			);
			inputFileListPaths = (
				"${PODS_ROOT}/Target Support Files/Pods-PorVidaMobile-PorVidaMobileUITests/Pods-PorVidaMobile-PorVidaMobileUITests-frameworks-${CONFIGURATION}-input-files.xcfilelist",
			);
			name = "[CP] Embed Pods Frameworks";
			outputFileListPaths = (
				"${PODS_ROOT}/Target Support Files/Pods-PorVidaMobile-PorVidaMobileUITests/Pods-PorVidaMobile-PorVidaMobileUITests-frameworks-${CONFIGURATION}-output-files.xcfilelist",
			);
			runOnlyForDeploymentPostprocessing = 0;
			shellPath = /bin/sh;
			shellScript = "\"${PODS_ROOT}/Target Support Files/Pods-PorVidaMobile-PorVidaMobileUITests/Pods-PorVidaMobile-PorVidaMobileUITests-frameworks.sh\"\n";
			showEnvVarsInLog = 0;
		};
		98F5E5CE287CC161ECE838A2 /* [CP] Check Pods Manifest.lock */ = {
			isa = PBXShellScriptBuildPhase;
			buildActionMask = 2147483647;
			files = (
			);
			inputFileListPaths = (
			);
			inputPaths = (
				"${PODS_PODFILE_DIR_PATH}/Podfile.lock",
				"${PODS_ROOT}/Manifest.lock",
			);
			name = "[CP] Check Pods Manifest.lock";
			outputFileListPaths = (
			);
			outputPaths = (
				"$(DERIVED_FILE_DIR)/Pods-PorVidaMobileTests-checkManifestLockResult.txt",
			);
			runOnlyForDeploymentPostprocessing = 0;
			shellPath = /bin/sh;
			shellScript = "diff \"${PODS_PODFILE_DIR_PATH}/Podfile.lock\" \"${PODS_ROOT}/Manifest.lock\" > /dev/null\nif [ $? != 0 ] ; then\n    # print error to STDERR\n    echo \"error: The sandbox is not in sync with the Podfile.lock. Run 'pod install' or update your CocoaPods installation.\" >&2\n    exit 1\nfi\n# This output is used by Xcode 'outputs' to avoid re-running this script phase.\necho \"SUCCESS\" > \"${SCRIPT_OUTPUT_FILE_0}\"\n";
			showEnvVarsInLog = 0;
		};
		A02837E8909B6D923A43E368 /* [CP] Check Pods Manifest.lock */ = {
			isa = PBXShellScriptBuildPhase;
			buildActionMask = 2147483647;
			files = (
			);
			inputFileListPaths = (
			);
			inputPaths = (
				"${PODS_PODFILE_DIR_PATH}/Podfile.lock",
				"${PODS_ROOT}/Manifest.lock",
			);
			name = "[CP] Check Pods Manifest.lock";
			outputFileListPaths = (
			);
			outputPaths = (
				"$(DERIVED_FILE_DIR)/Pods-PorVidaMobile-PorVidaMobileUITests-checkManifestLockResult.txt",
			);
			runOnlyForDeploymentPostprocessing = 0;
			shellPath = /bin/sh;
			shellScript = "diff \"${PODS_PODFILE_DIR_PATH}/Podfile.lock\" \"${PODS_ROOT}/Manifest.lock\" > /dev/null\nif [ $? != 0 ] ; then\n    # print error to STDERR\n    echo \"error: The sandbox is not in sync with the Podfile.lock. Run 'pod install' or update your CocoaPods installation.\" >&2\n    exit 1\nfi\n# This output is used by Xcode 'outputs' to avoid re-running this script phase.\necho \"SUCCESS\" > \"${SCRIPT_OUTPUT_FILE_0}\"\n";
			showEnvVarsInLog = 0;
		};
/* End PBXShellScriptBuildPhase section */

/* Begin PBXSourcesBuildPhase section */
		8B40EEC6243BAD1600DE69B9 /* Sources */ = {
			isa = PBXSourcesBuildPhase;
			buildActionMask = 2147483647;
			files = (
				8B74EDB024455E4E00B86FF9 /* RestaurantCell.swift in Sources */,
				8B40EECE243BAD1600DE69B9 /* AppDelegate.swift in Sources */,
				8B3CEB86244E203100F69F52 /* AdminDetailsViewController.swift in Sources */,
				8B40EED0243BAD1600DE69B9 /* SceneDelegate.swift in Sources */,
				8BEAAC1424428DEC0067CBAD /* LoginViewController.swift in Sources */,
				8B74EDAC2444F39600B86FF9 /* RestaurantListViewController.swift in Sources */,
				8BEAAC1224428DC60067CBAD /* MainViewController.swift in Sources */,
				8B74EDAA2444EFF700B86FF9 /* SettingsViewController.swift in Sources */,
			);
			runOnlyForDeploymentPostprocessing = 0;
		};
		8B40EEDC243BAD1900DE69B9 /* Sources */ = {
			isa = PBXSourcesBuildPhase;
			buildActionMask = 2147483647;
			files = (
				8B40EEE5243BAD1900DE69B9 /* PorVidaMobileTests.swift in Sources */,
			);
			runOnlyForDeploymentPostprocessing = 0;
		};
		8B40EEE7243BAD1900DE69B9 /* Sources */ = {
			isa = PBXSourcesBuildPhase;
			buildActionMask = 2147483647;
			files = (
				8B40EEF0243BAD1900DE69B9 /* PorVidaMobileUITests.swift in Sources */,
			);
			runOnlyForDeploymentPostprocessing = 0;
		};
/* End PBXSourcesBuildPhase section */

/* Begin PBXTargetDependency section */
		8B40EEE2243BAD1900DE69B9 /* PBXTargetDependency */ = {
			isa = PBXTargetDependency;
			target = 8B40EEC9243BAD1600DE69B9 /* PorVidaMobile */;
			targetProxy = 8B40EEE1243BAD1900DE69B9 /* PBXContainerItemProxy */;
		};
		8B40EEED243BAD1900DE69B9 /* PBXTargetDependency */ = {
			isa = PBXTargetDependency;
			target = 8B40EEC9243BAD1600DE69B9 /* PorVidaMobile */;
			targetProxy = 8B40EEEC243BAD1900DE69B9 /* PBXContainerItemProxy */;
		};
/* End PBXTargetDependency section */

/* Begin PBXVariantGroup section */
		8B40EED3243BAD1600DE69B9 /* Main.storyboard */ = {
			isa = PBXVariantGroup;
			children = (
				8B40EED4243BAD1600DE69B9 /* Base */,
			);
			name = Main.storyboard;
			sourceTree = "<group>";
		};
		8B40EED8243BAD1900DE69B9 /* LaunchScreen.storyboard */ = {
			isa = PBXVariantGroup;
			children = (
				8B40EED9243BAD1900DE69B9 /* Base */,
			);
			name = LaunchScreen.storyboard;
			sourceTree = "<group>";
		};
/* End PBXVariantGroup section */

/* Begin XCBuildConfiguration section */
		8B40EEF2243BAD1900DE69B9 /* Debug */ = {
			isa = XCBuildConfiguration;
			buildSettings = {
				ALWAYS_SEARCH_USER_PATHS = NO;
				CLANG_ANALYZER_NONNULL = YES;
				CLANG_ANALYZER_NUMBER_OBJECT_CONVERSION = YES_AGGRESSIVE;
				CLANG_CXX_LANGUAGE_STANDARD = "gnu++14";
				CLANG_CXX_LIBRARY = "libc++";
				CLANG_ENABLE_MODULES = YES;
				CLANG_ENABLE_OBJC_ARC = YES;
				CLANG_ENABLE_OBJC_WEAK = YES;
				CLANG_WARN_BLOCK_CAPTURE_AUTORELEASING = YES;
				CLANG_WARN_BOOL_CONVERSION = YES;
				CLANG_WARN_COMMA = YES;
				CLANG_WARN_CONSTANT_CONVERSION = YES;
				CLANG_WARN_DEPRECATED_OBJC_IMPLEMENTATIONS = YES;
				CLANG_WARN_DIRECT_OBJC_ISA_USAGE = YES_ERROR;
				CLANG_WARN_DOCUMENTATION_COMMENTS = YES;
				CLANG_WARN_EMPTY_BODY = YES;
				CLANG_WARN_ENUM_CONVERSION = YES;
				CLANG_WARN_INFINITE_RECURSION = YES;
				CLANG_WARN_INT_CONVERSION = YES;
				CLANG_WARN_NON_LITERAL_NULL_CONVERSION = YES;
				CLANG_WARN_OBJC_IMPLICIT_RETAIN_SELF = YES;
				CLANG_WARN_OBJC_LITERAL_CONVERSION = YES;
				CLANG_WARN_OBJC_ROOT_CLASS = YES_ERROR;
				CLANG_WARN_RANGE_LOOP_ANALYSIS = YES;
				CLANG_WARN_STRICT_PROTOTYPES = YES;
				CLANG_WARN_SUSPICIOUS_MOVE = YES;
				CLANG_WARN_UNGUARDED_AVAILABILITY = YES_AGGRESSIVE;
				CLANG_WARN_UNREACHABLE_CODE = YES;
				CLANG_WARN__DUPLICATE_METHOD_MATCH = YES;
				COPY_PHASE_STRIP = NO;
				DEBUG_INFORMATION_FORMAT = dwarf;
				ENABLE_STRICT_OBJC_MSGSEND = YES;
				ENABLE_TESTABILITY = YES;
				GCC_C_LANGUAGE_STANDARD = gnu11;
				GCC_DYNAMIC_NO_PIC = NO;
				GCC_NO_COMMON_BLOCKS = YES;
				GCC_OPTIMIZATION_LEVEL = 0;
				GCC_PREPROCESSOR_DEFINITIONS = (
					"DEBUG=1",
					"$(inherited)",
				);
				GCC_WARN_64_TO_32_BIT_CONVERSION = YES;
				GCC_WARN_ABOUT_RETURN_TYPE = YES_ERROR;
				GCC_WARN_UNDECLARED_SELECTOR = YES;
				GCC_WARN_UNINITIALIZED_AUTOS = YES_AGGRESSIVE;
				GCC_WARN_UNUSED_FUNCTION = YES;
				GCC_WARN_UNUSED_VARIABLE = YES;
				IPHONEOS_DEPLOYMENT_TARGET = 13.4;
				MTL_ENABLE_DEBUG_INFO = INCLUDE_SOURCE;
				MTL_FAST_MATH = YES;
				ONLY_ACTIVE_ARCH = YES;
				SDKROOT = iphoneos;
				SWIFT_ACTIVE_COMPILATION_CONDITIONS = DEBUG;
				SWIFT_OPTIMIZATION_LEVEL = "-Onone";
			};
			name = Debug;
		};
		8B40EEF3243BAD1900DE69B9 /* Release */ = {
			isa = XCBuildConfiguration;
			buildSettings = {
				ALWAYS_SEARCH_USER_PATHS = NO;
				CLANG_ANALYZER_NONNULL = YES;
				CLANG_ANALYZER_NUMBER_OBJECT_CONVERSION = YES_AGGRESSIVE;
				CLANG_CXX_LANGUAGE_STANDARD = "gnu++14";
				CLANG_CXX_LIBRARY = "libc++";
				CLANG_ENABLE_MODULES = YES;
				CLANG_ENABLE_OBJC_ARC = YES;
				CLANG_ENABLE_OBJC_WEAK = YES;
				CLANG_WARN_BLOCK_CAPTURE_AUTORELEASING = YES;
				CLANG_WARN_BOOL_CONVERSION = YES;
				CLANG_WARN_COMMA = YES;
				CLANG_WARN_CONSTANT_CONVERSION = YES;
				CLANG_WARN_DEPRECATED_OBJC_IMPLEMENTATIONS = YES;
				CLANG_WARN_DIRECT_OBJC_ISA_USAGE = YES_ERROR;
				CLANG_WARN_DOCUMENTATION_COMMENTS = YES;
				CLANG_WARN_EMPTY_BODY = YES;
				CLANG_WARN_ENUM_CONVERSION = YES;
				CLANG_WARN_INFINITE_RECURSION = YES;
				CLANG_WARN_INT_CONVERSION = YES;
				CLANG_WARN_NON_LITERAL_NULL_CONVERSION = YES;
				CLANG_WARN_OBJC_IMPLICIT_RETAIN_SELF = YES;
				CLANG_WARN_OBJC_LITERAL_CONVERSION = YES;
				CLANG_WARN_OBJC_ROOT_CLASS = YES_ERROR;
				CLANG_WARN_RANGE_LOOP_ANALYSIS = YES;
				CLANG_WARN_STRICT_PROTOTYPES = YES;
				CLANG_WARN_SUSPICIOUS_MOVE = YES;
				CLANG_WARN_UNGUARDED_AVAILABILITY = YES_AGGRESSIVE;
				CLANG_WARN_UNREACHABLE_CODE = YES;
				CLANG_WARN__DUPLICATE_METHOD_MATCH = YES;
				COPY_PHASE_STRIP = NO;
				DEBUG_INFORMATION_FORMAT = "dwarf-with-dsym";
				ENABLE_NS_ASSERTIONS = NO;
				ENABLE_STRICT_OBJC_MSGSEND = YES;
				GCC_C_LANGUAGE_STANDARD = gnu11;
				GCC_NO_COMMON_BLOCKS = YES;
				GCC_WARN_64_TO_32_BIT_CONVERSION = YES;
				GCC_WARN_ABOUT_RETURN_TYPE = YES_ERROR;
				GCC_WARN_UNDECLARED_SELECTOR = YES;
				GCC_WARN_UNINITIALIZED_AUTOS = YES_AGGRESSIVE;
				GCC_WARN_UNUSED_FUNCTION = YES;
				GCC_WARN_UNUSED_VARIABLE = YES;
				IPHONEOS_DEPLOYMENT_TARGET = 13.4;
				MTL_ENABLE_DEBUG_INFO = NO;
				MTL_FAST_MATH = YES;
				SDKROOT = iphoneos;
				SWIFT_COMPILATION_MODE = wholemodule;
				SWIFT_OPTIMIZATION_LEVEL = "-O";
				VALIDATE_PRODUCT = YES;
			};
			name = Release;
		};
		8B40EEF5243BAD1900DE69B9 /* Debug */ = {
			isa = XCBuildConfiguration;
			baseConfigurationReference = 8F40528D64ABA29BE0CD21A1 /* Pods-PorVidaMobile.debug.xcconfig */;
			buildSettings = {
				ASSETCATALOG_COMPILER_APPICON_NAME = AppIcon;
				CODE_SIGN_STYLE = Automatic;
				DEVELOPMENT_TEAM = XSSCG977J6;
				INFOPLIST_FILE = PorVidaMobile/Info.plist;
				LD_RUNPATH_SEARCH_PATHS = (
					"$(inherited)",
					"@executable_path/Frameworks",
				);
				PRODUCT_BUNDLE_IDENTIFIER = bigbyte.PorVidaMobile;
				PRODUCT_NAME = "$(TARGET_NAME)";
				SWIFT_VERSION = 5.0;
				TARGETED_DEVICE_FAMILY = "1,2";
			};
			name = Debug;
		};
		8B40EEF6243BAD1900DE69B9 /* Release */ = {
			isa = XCBuildConfiguration;
			baseConfigurationReference = 51DD24C4E1E889BB208A7AF6 /* Pods-PorVidaMobile.release.xcconfig */;
			buildSettings = {
				ASSETCATALOG_COMPILER_APPICON_NAME = AppIcon;
				CODE_SIGN_STYLE = Automatic;
				DEVELOPMENT_TEAM = XSSCG977J6;
				INFOPLIST_FILE = PorVidaMobile/Info.plist;
				LD_RUNPATH_SEARCH_PATHS = (
					"$(inherited)",
					"@executable_path/Frameworks",
				);
				PRODUCT_BUNDLE_IDENTIFIER = bigbyte.PorVidaMobile;
				PRODUCT_NAME = "$(TARGET_NAME)";
				SWIFT_VERSION = 5.0;
				TARGETED_DEVICE_FAMILY = "1,2";
			};
			name = Release;
		};
		8B40EEF8243BAD1900DE69B9 /* Debug */ = {
			isa = XCBuildConfiguration;
			baseConfigurationReference = 92B8E1033B207DD357D32EDE /* Pods-PorVidaMobileTests.debug.xcconfig */;
			buildSettings = {
				ALWAYS_EMBED_SWIFT_STANDARD_LIBRARIES = YES;
				BUNDLE_LOADER = "$(TEST_HOST)";
				CODE_SIGN_STYLE = Automatic;
				DEVELOPMENT_TEAM = XSSCG977J6;
				INFOPLIST_FILE = PorVidaMobileTests/Info.plist;
				IPHONEOS_DEPLOYMENT_TARGET = 13.4;
				LD_RUNPATH_SEARCH_PATHS = (
					"$(inherited)",
					"@executable_path/Frameworks",
					"@loader_path/Frameworks",
				);
				PRODUCT_BUNDLE_IDENTIFIER = bigbyte.PorVidaMobileTests;
				PRODUCT_NAME = "$(TARGET_NAME)";
				SWIFT_VERSION = 5.0;
				TARGETED_DEVICE_FAMILY = "1,2";
				TEST_HOST = "$(BUILT_PRODUCTS_DIR)/PorVidaMobile.app/PorVidaMobile";
			};
			name = Debug;
		};
		8B40EEF9243BAD1900DE69B9 /* Release */ = {
			isa = XCBuildConfiguration;
			baseConfigurationReference = 9D3FBFCD356C35B1AFDCB680 /* Pods-PorVidaMobileTests.release.xcconfig */;
			buildSettings = {
				ALWAYS_EMBED_SWIFT_STANDARD_LIBRARIES = YES;
				BUNDLE_LOADER = "$(TEST_HOST)";
				CODE_SIGN_STYLE = Automatic;
				DEVELOPMENT_TEAM = XSSCG977J6;
				INFOPLIST_FILE = PorVidaMobileTests/Info.plist;
				IPHONEOS_DEPLOYMENT_TARGET = 13.4;
				LD_RUNPATH_SEARCH_PATHS = (
					"$(inherited)",
					"@executable_path/Frameworks",
					"@loader_path/Frameworks",
				);
				PRODUCT_BUNDLE_IDENTIFIER = bigbyte.PorVidaMobileTests;
				PRODUCT_NAME = "$(TARGET_NAME)";
				SWIFT_VERSION = 5.0;
				TARGETED_DEVICE_FAMILY = "1,2";
				TEST_HOST = "$(BUILT_PRODUCTS_DIR)/PorVidaMobile.app/PorVidaMobile";
			};
			name = Release;
		};
		8B40EEFB243BAD1900DE69B9 /* Debug */ = {
			isa = XCBuildConfiguration;
			baseConfigurationReference = 1F25FBA2CFABEB4D9927B1AD /* Pods-PorVidaMobile-PorVidaMobileUITests.debug.xcconfig */;
			buildSettings = {
				ALWAYS_EMBED_SWIFT_STANDARD_LIBRARIES = YES;
				CODE_SIGN_STYLE = Automatic;
				DEVELOPMENT_TEAM = XSSCG977J6;
				INFOPLIST_FILE = PorVidaMobileUITests/Info.plist;
				LD_RUNPATH_SEARCH_PATHS = (
					"$(inherited)",
					"@executable_path/Frameworks",
					"@loader_path/Frameworks",
				);
				PRODUCT_BUNDLE_IDENTIFIER = bigbyte.PorVidaMobileUITests;
				PRODUCT_NAME = "$(TARGET_NAME)";
				SWIFT_VERSION = 5.0;
				TARGETED_DEVICE_FAMILY = "1,2";
				TEST_TARGET_NAME = PorVidaMobile;
			};
			name = Debug;
		};
		8B40EEFC243BAD1900DE69B9 /* Release */ = {
			isa = XCBuildConfiguration;
			baseConfigurationReference = 96A95A531284D90E699F14BD /* Pods-PorVidaMobile-PorVidaMobileUITests.release.xcconfig */;
			buildSettings = {
				ALWAYS_EMBED_SWIFT_STANDARD_LIBRARIES = YES;
				CODE_SIGN_STYLE = Automatic;
				DEVELOPMENT_TEAM = XSSCG977J6;
				INFOPLIST_FILE = PorVidaMobileUITests/Info.plist;
				LD_RUNPATH_SEARCH_PATHS = (
					"$(inherited)",
					"@executable_path/Frameworks",
					"@loader_path/Frameworks",
				);
				PRODUCT_BUNDLE_IDENTIFIER = bigbyte.PorVidaMobileUITests;
				PRODUCT_NAME = "$(TARGET_NAME)";
				SWIFT_VERSION = 5.0;
				TARGETED_DEVICE_FAMILY = "1,2";
				TEST_TARGET_NAME = PorVidaMobile;
			};
			name = Release;
		};
/* End XCBuildConfiguration section */

/* Begin XCConfigurationList section */
		8B40EEC5243BAD1600DE69B9 /* Build configuration list for PBXProject "PorVidaMobile" */ = {
			isa = XCConfigurationList;
			buildConfigurations = (
				8B40EEF2243BAD1900DE69B9 /* Debug */,
				8B40EEF3243BAD1900DE69B9 /* Release */,
			);
			defaultConfigurationIsVisible = 0;
			defaultConfigurationName = Release;
		};
		8B40EEF4243BAD1900DE69B9 /* Build configuration list for PBXNativeTarget "PorVidaMobile" */ = {
			isa = XCConfigurationList;
			buildConfigurations = (
				8B40EEF5243BAD1900DE69B9 /* Debug */,
				8B40EEF6243BAD1900DE69B9 /* Release */,
			);
			defaultConfigurationIsVisible = 0;
			defaultConfigurationName = Release;
		};
		8B40EEF7243BAD1900DE69B9 /* Build configuration list for PBXNativeTarget "PorVidaMobileTests" */ = {
			isa = XCConfigurationList;
			buildConfigurations = (
				8B40EEF8243BAD1900DE69B9 /* Debug */,
				8B40EEF9243BAD1900DE69B9 /* Release */,
			);
			defaultConfigurationIsVisible = 0;
			defaultConfigurationName = Release;
		};
		8B40EEFA243BAD1900DE69B9 /* Build configuration list for PBXNativeTarget "PorVidaMobileUITests" */ = {
			isa = XCConfigurationList;
			buildConfigurations = (
				8B40EEFB243BAD1900DE69B9 /* Debug */,
				8B40EEFC243BAD1900DE69B9 /* Release */,
			);
			defaultConfigurationIsVisible = 0;
			defaultConfigurationName = Release;
		};
/* End XCConfigurationList section */
	};
	rootObject = 8B40EEC2243BAD1600DE69B9 /* Project object */;
}
